
Microsoft Visual Studio Solution File, Format Version 12.00
# Visual Studio Version 17
VisualStudioVersion = 17.13.35919.96 d17.13
MinimumVisualStudioVersion = 10.0.40219.1
Project("{FAE04EC0-301F-11D3-BF4B-00C04F79EFBC}") = "Receptenboek C#", "Receptenboek C#\Receptenboek C#.csproj", "{E64A935D-D333-4ED5-BB8C-75D5E72CB343}"
EndProject
Global
	GlobalSection(SolutionConfigurationPlatforms) = preSolution
		Debug|Any CPU = Debug|Any CPU
		Release|Any CPU = Release|Any CPU
	EndGlobalSection
	GlobalSection(ProjectConfigurationPlatforms) = postSolution
		{E64A935D-D333-4ED5-BB8C-75D5E72CB343}.Debug|Any CPU.ActiveCfg = Debug|Any CPU
		{E64A935D-D333-4ED5-BB8C-75D5E72CB343}.Debug|Any CPU.Build.0 = Debug|Any CPU
		{E64A935D-D333-4ED5-BB8C-75D5E72CB343}.Release|Any CPU.ActiveCfg = Release|Any CPU
		{E64A935D-D333-4ED5-BB8C-75D5E72CB343}.Release|Any CPU.Build.0 = Release|Any CPU
	EndGlobalSection
	GlobalSection(SolutionProperties) = preSolution
		HideSolutionNode = FALSE
	EndGlobalSection
	GlobalSection(ExtensibilityGlobals) = postSolution
		SolutionGuid = {0B3DED4B-D3AC-487B-80F4-72100E9F6EDA}
	EndGlobalSection
EndGlobal
